
Microsoft Visual Studio Solution File, Format Version 12.00
# Visual Studio 15
VisualStudioVersion = 15.0.27703.2026
MinimumVisualStudioVersion = 10.0.40219.1
Project("{FAE04EC0-301F-11D3-BF4B-00C04F79EFBC}") = "LockVsAwait", "LockVsAwait\LockVsAwait.csproj", "{B629B66D-ABA6-4919-AFA3-CC9CF578C0FA}"
EndProject
Global
	GlobalSection(SolutionConfigurationPlatforms) = preSolution
		Debug|Any CPU = Debug|Any CPU
		Release|Any CPU = Release|Any CPU
	EndGlobalSection
	GlobalSection(ProjectConfigurationPlatforms) = postSolution
		{B629B66D-ABA6-4919-AFA3-CC9CF578C0FA}.Debug|Any CPU.ActiveCfg = Debug|Any CPU
		{B629B66D-ABA6-4919-AFA3-CC9CF578C0FA}.Debug|Any CPU.Build.0 = Debug|Any CPU
		{B629B66D-ABA6-4919-AFA3-CC9CF578C0FA}.Release|Any CPU.ActiveCfg = Release|Any CPU
		{B629B66D-ABA6-4919-AFA3-CC9CF578C0FA}.Release|Any CPU.Build.0 = Release|Any CPU
	EndGlobalSection
	GlobalSection(SolutionProperties) = preSolution
		HideSolutionNode = FALSE
	EndGlobalSection
	GlobalSection(ExtensibilityGlobals) = postSolution
		SolutionGuid = {A0BA8676-65AD-48DD-950B-55F039FACE73}
	EndGlobalSection
EndGlobal
